{
  "version": 4,
  "terraform_version": "1.7.2",
  "serial": 2,
  "lineage": "f008ced5-4046-19cb-56ca-d0f5b49296b2",
  "outputs": {},
  "resources": [
    {
      "mode": "data",
      "type": "template_file",
      "name": "web_cloudinit",
      "provider": "provider[\"registry.opentofu.org/hashicorp/template\"]",
      "instances": [
        {
          "schema_version": 0,
          "attributes": {
            "filename": null,
            "id": "392ba825140fbe6da54b366b9417591fa72e1f64a118e5041e290a451b12a843",
            "rendered": "#cloud-config\nusers:\n  - name: slebedev\n    groups: sudo\n    shell: /bin/bash\n    sudo: ['ALL=(ALL) NOPASSWD:ALL']\n    ssh_authorized_keys:\n      - ssh-ed25519 AAAAC3NzaC1lZDI1NTE5AAAAIHkhlhsKjTpcxnFje4U9yl3i7VFk4KpyDkDJHzSstbHI work-sl\n\npackage_update: true\npackage_upgrade: false\npackages: [\"vim\",\"mc\",\"traceroute\"]",
            "template": "#cloud-config\nusers:\n  - name: ${username}\n    groups: sudo\n    shell: /bin/bash\n    sudo: ['ALL=(ALL) NOPASSWD:ALL']\n    ssh_authorized_keys:\n      - ${ssh_public_key}\npackage_update: true\npackage_upgrade: false\npackages: ${packages}",
            "vars": {
              "packages": "[\"vim\",\"mc\",\"traceroute\"]",
              "ssh_public_key": "ssh-ed25519 AAAAC3NzaC1lZDI1NTE5AAAAIHkhlhsKjTpcxnFje4U9yl3i7VFk4KpyDkDJHzSstbHI work-sl\n",
              "username": "slebedev"
            }
          },
          "sensitive_attributes": []
        }
      ]
    },
    {
      "mode": "data",
      "type": "yandex_compute_image",
      "name": "images",
      "provider": "provider[\"registry.opentofu.org/yandex-cloud/yandex\"]",
      "instances": [
        {
          "index_key": "nat",
          "schema_version": 0,
          "attributes": {
            "created_at": "2024-06-10T10:58:20Z",
            "description": "nat-instance-ubuntu",
            "family": "nat-instance-ubuntu",
            "folder_id": "standard-images",
            "id": "fd8g333u1st4mbsbv4hg",
            "image_id": "fd8g333u1st4mbsbv4hg",
            "labels": {},
            "min_disk_size": 3,
            "name": "nat-instance-ubuntu-18-04-lts-v20240610",
            "os_type": "linux",
            "pooled": true,
            "product_ids": [
              "f2e2056h1797hddko6n5",
              "f2emktfiqj291pf0ndtq"
            ],
            "size": 2,
            "status": "ready"
          },
          "sensitive_attributes": []
        },
        {
          "index_key": "private",
          "schema_version": 0,
          "attributes": {
            "created_at": "2024-06-10T11:01:21Z",
            "description": "ubuntu 20.04 lts",
            "family": "ubuntu-2004-lts",
            "folder_id": "standard-images",
            "id": "fd8mk346omlpmp2rvng7",
            "image_id": "fd8mk346omlpmp2rvng7",
            "labels": {},
            "min_disk_size": 5,
            "name": "ubuntu-20-04-lts-v20240610",
            "os_type": "linux",
            "pooled": true,
            "product_ids": [
              "f2e5pmeol92qojteb06r"
            ],
            "size": 4,
            "status": "ready"
          },
          "sensitive_attributes": []
        },
        {
          "index_key": "public",
          "schema_version": 0,
          "attributes": {
            "created_at": "2024-06-10T11:01:21Z",
            "description": "ubuntu 20.04 lts",
            "family": "ubuntu-2004-lts",
            "folder_id": "standard-images",
            "id": "fd8mk346omlpmp2rvng7",
            "image_id": "fd8mk346omlpmp2rvng7",
            "labels": {},
            "min_disk_size": 5,
            "name": "ubuntu-20-04-lts-v20240610",
            "os_type": "linux",
            "pooled": true,
            "product_ids": [
              "f2e5pmeol92qojteb06r"
            ],
            "size": 4,
            "status": "ready"
          },
          "sensitive_attributes": []
        }
      ]
    },
    {
      "mode": "managed",
      "type": "yandex_compute_instance",
      "name": "vms",
      "provider": "provider[\"registry.opentofu.org/yandex-cloud/yandex\"]",
      "instances": [
        {
          "index_key": "nat",
          "schema_version": 1,
          "attributes": {
            "allow_recreate": null,
            "allow_stopping_for_update": null,
            "boot_disk": [
              {
                "auto_delete": true,
                "device_name": "fhmuljbfnne89fcgq73c",
                "disk_id": "fhmuljbfnne89fcgq73c",
                "initialize_params": [
                  {
                    "block_size": 4096,
                    "description": "",
                    "image_id": "fd8g333u1st4mbsbv4hg",
                    "name": "",
                    "size": 3,
                    "snapshot_id": "",
                    "type": "network-hdd"
                  }
                ],
                "mode": "READ_WRITE"
              }
            ],
            "created_at": "2024-06-17T09:18:06Z",
            "description": "",
            "filesystem": [],
            "folder_id": "b1g5ofg36cpjm42tl9nr",
            "fqdn": "nat.ru-central1.internal",
            "gpu_cluster_id": "",
            "hostname": "nat",
            "id": "fhmn12c3orp4dv3rh7vs",
            "labels": null,
            "local_disk": [],
            "maintenance_grace_period": "",
            "maintenance_policy": null,
            "metadata": {
              "serial-port-enable": "1",
              "user-data": "#cloud-config\nusers:\n  - name: slebedev\n    groups: sudo\n    shell: /bin/bash\n    sudo: ['ALL=(ALL) NOPASSWD:ALL']\n    ssh_authorized_keys:\n      - ssh-ed25519 AAAAC3NzaC1lZDI1NTE5AAAAIHkhlhsKjTpcxnFje4U9yl3i7VFk4KpyDkDJHzSstbHI work-sl\n\npackage_update: true\npackage_upgrade: false\npackages: [\"vim\",\"mc\",\"traceroute\"]"
            },
            "metadata_options": [
              {
                "aws_v1_http_endpoint": 1,
                "aws_v1_http_token": 2,
                "gce_http_endpoint": 1,
                "gce_http_token": 1
              }
            ],
            "name": "nat",
            "network_acceleration_type": "standard",
            "network_interface": [
              {
                "dns_record": [],
                "index": 0,
                "ip_address": "192.168.10.254",
                "ipv4": true,
                "ipv6": false,
                "ipv6_address": "",
                "ipv6_dns_record": [],
                "mac_address": "d0:0d:17:08:98:3c",
                "nat": true,
                "nat_dns_record": [],
                "nat_ip_address": "62.84.124.121",
                "nat_ip_version": "IPV4",
                "security_group_ids": [],
                "subnet_id": "e9bnapueinfl36icj7b7"
              }
            ],
            "placement_policy": [
              {
                "host_affinity_rules": [],
                "placement_group_id": "",
                "placement_group_partition": 0
              }
            ],
            "platform_id": "standard-v1",
            "resources": [
              {
                "core_fraction": 100,
                "cores": 2,
                "gpus": 0,
                "memory": 2
              }
            ],
            "scheduling_policy": [
              {
                "preemptible": false
              }
            ],
            "secondary_disk": [],
            "service_account_id": "",
            "status": "running",
            "timeouts": null,
            "zone": "ru-central1-a"
          },
          "sensitive_attributes": [],
          "private": "eyJlMmJmYjczMC1lY2FhLTExZTYtOGY4OC0zNDM2M2JjN2M0YzAiOnsiY3JlYXRlIjozMDAwMDAwMDAwMDAsImRlbGV0ZSI6MzAwMDAwMDAwMDAwLCJ1cGRhdGUiOjMwMDAwMDAwMDAwMH0sInNjaGVtYV92ZXJzaW9uIjoiMSJ9",
          "dependencies": [
            "data.template_file.web_cloudinit",
            "data.yandex_compute_image.images",
            "yandex_vpc_network.vpc",
            "yandex_vpc_route_table.nat_route",
            "yandex_vpc_subnet.subnets"
          ]
        },
        {
          "index_key": "private",
          "schema_version": 1,
          "attributes": {
            "allow_recreate": null,
            "allow_stopping_for_update": null,
            "boot_disk": [
              {
                "auto_delete": true,
                "device_name": "fhmc219t77mqgnas9863",
                "disk_id": "fhmc219t77mqgnas9863",
                "initialize_params": [
                  {
                    "block_size": 4096,
                    "description": "",
                    "image_id": "fd8mk346omlpmp2rvng7",
                    "name": "",
                    "size": 5,
                    "snapshot_id": "",
                    "type": "network-hdd"
                  }
                ],
                "mode": "READ_WRITE"
              }
            ],
            "created_at": "2024-06-17T09:18:06Z",
            "description": "",
            "filesystem": [],
            "folder_id": "b1g5ofg36cpjm42tl9nr",
            "fqdn": "private.ru-central1.internal",
            "gpu_cluster_id": "",
            "hostname": "private",
            "id": "fhm6ndtiaedmgm4q2ika",
            "labels": null,
            "local_disk": [],
            "maintenance_grace_period": "",
            "maintenance_policy": null,
            "metadata": {
              "serial-port-enable": "1",
              "user-data": "#cloud-config\nusers:\n  - name: slebedev\n    groups: sudo\n    shell: /bin/bash\n    sudo: ['ALL=(ALL) NOPASSWD:ALL']\n    ssh_authorized_keys:\n      - ssh-ed25519 AAAAC3NzaC1lZDI1NTE5AAAAIHkhlhsKjTpcxnFje4U9yl3i7VFk4KpyDkDJHzSstbHI work-sl\n\npackage_update: true\npackage_upgrade: false\npackages: [\"vim\",\"mc\",\"traceroute\"]"
            },
            "metadata_options": [
              {
                "aws_v1_http_endpoint": 1,
                "aws_v1_http_token": 2,
                "gce_http_endpoint": 1,
                "gce_http_token": 1
              }
            ],
            "name": "private",
            "network_acceleration_type": "standard",
            "network_interface": [
              {
                "dns_record": [],
                "index": 0,
                "ip_address": "192.168.20.28",
                "ipv4": true,
                "ipv6": false,
                "ipv6_address": "",
                "ipv6_dns_record": [],
                "mac_address": "d0:0d:6b:b7:b2:53",
                "nat": false,
                "nat_dns_record": [],
                "nat_ip_address": "",
                "nat_ip_version": "",
                "security_group_ids": [],
                "subnet_id": "e9b1ql1kjq4pak74kkpn"
              }
            ],
            "placement_policy": [
              {
                "host_affinity_rules": [],
                "placement_group_id": "",
                "placement_group_partition": 0
              }
            ],
            "platform_id": "standard-v1",
            "resources": [
              {
                "core_fraction": 100,
                "cores": 2,
                "gpus": 0,
                "memory": 2
              }
            ],
            "scheduling_policy": [
              {
                "preemptible": false
              }
            ],
            "secondary_disk": [],
            "service_account_id": "",
            "status": "running",
            "timeouts": null,
            "zone": "ru-central1-a"
          },
          "sensitive_attributes": [],
          "private": "eyJlMmJmYjczMC1lY2FhLTExZTYtOGY4OC0zNDM2M2JjN2M0YzAiOnsiY3JlYXRlIjozMDAwMDAwMDAwMDAsImRlbGV0ZSI6MzAwMDAwMDAwMDAwLCJ1cGRhdGUiOjMwMDAwMDAwMDAwMH0sInNjaGVtYV92ZXJzaW9uIjoiMSJ9",
          "dependencies": [
            "data.template_file.web_cloudinit",
            "data.yandex_compute_image.images",
            "yandex_vpc_network.vpc",
            "yandex_vpc_route_table.nat_route",
            "yandex_vpc_subnet.subnets"
          ]
        },
        {
          "index_key": "public",
          "schema_version": 1,
          "attributes": {
            "allow_recreate": null,
            "allow_stopping_for_update": null,
            "boot_disk": [
              {
                "auto_delete": true,
                "device_name": "fhm1kno57prcl8rk1rb9",
                "disk_id": "fhm1kno57prcl8rk1rb9",
                "initialize_params": [
                  {
                    "block_size": 4096,
                    "description": "",
                    "image_id": "fd8mk346omlpmp2rvng7",
                    "name": "",
                    "size": 5,
                    "snapshot_id": "",
                    "type": "network-hdd"
                  }
                ],
                "mode": "READ_WRITE"
              }
            ],
            "created_at": "2024-06-17T09:18:06Z",
            "description": "",
            "filesystem": [],
            "folder_id": "b1g5ofg36cpjm42tl9nr",
            "fqdn": "public.ru-central1.internal",
            "gpu_cluster_id": "",
            "hostname": "public",
            "id": "fhmhcnod9gmii3cfthtl",
            "labels": null,
            "local_disk": [],
            "maintenance_grace_period": "",
            "maintenance_policy": null,
            "metadata": {
              "serial-port-enable": "1",
              "user-data": "#cloud-config\nusers:\n  - name: slebedev\n    groups: sudo\n    shell: /bin/bash\n    sudo: ['ALL=(ALL) NOPASSWD:ALL']\n    ssh_authorized_keys:\n      - ssh-ed25519 AAAAC3NzaC1lZDI1NTE5AAAAIHkhlhsKjTpcxnFje4U9yl3i7VFk4KpyDkDJHzSstbHI work-sl\n\npackage_update: true\npackage_upgrade: false\npackages: [\"vim\",\"mc\",\"traceroute\"]"
            },
            "metadata_options": [
              {
                "aws_v1_http_endpoint": 1,
                "aws_v1_http_token": 2,
                "gce_http_endpoint": 1,
                "gce_http_token": 1
              }
            ],
            "name": "public",
            "network_acceleration_type": "standard",
            "network_interface": [
              {
                "dns_record": [],
                "index": 0,
                "ip_address": "192.168.10.8",
                "ipv4": true,
                "ipv6": false,
                "ipv6_address": "",
                "ipv6_dns_record": [],
                "mac_address": "d0:0d:11:65:f0:d4",
                "nat": true,
                "nat_dns_record": [],
                "nat_ip_address": "62.84.117.24",
                "nat_ip_version": "IPV4",
                "security_group_ids": [],
                "subnet_id": "e9bnapueinfl36icj7b7"
              }
            ],
            "placement_policy": [
              {
                "host_affinity_rules": [],
                "placement_group_id": "",
                "placement_group_partition": 0
              }
            ],
            "platform_id": "standard-v1",
            "resources": [
              {
                "core_fraction": 100,
                "cores": 2,
                "gpus": 0,
                "memory": 2
              }
            ],
            "scheduling_policy": [
              {
                "preemptible": false
              }
            ],
            "secondary_disk": [],
            "service_account_id": "",
            "status": "running",
            "timeouts": null,
            "zone": "ru-central1-a"
          },
          "sensitive_attributes": [],
          "private": "eyJlMmJmYjczMC1lY2FhLTExZTYtOGY4OC0zNDM2M2JjN2M0YzAiOnsiY3JlYXRlIjozMDAwMDAwMDAwMDAsImRlbGV0ZSI6MzAwMDAwMDAwMDAwLCJ1cGRhdGUiOjMwMDAwMDAwMDAwMH0sInNjaGVtYV92ZXJzaW9uIjoiMSJ9",
          "dependencies": [
            "data.template_file.web_cloudinit",
            "data.yandex_compute_image.images",
            "yandex_vpc_network.vpc",
            "yandex_vpc_route_table.nat_route",
            "yandex_vpc_subnet.subnets"
          ]
        }
      ]
    },
    {
      "mode": "managed",
      "type": "yandex_vpc_network",
      "name": "vpc",
      "provider": "provider[\"registry.opentofu.org/yandex-cloud/yandex\"]",
      "instances": [
        {
          "schema_version": 0,
          "attributes": {
            "created_at": "2024-06-17T09:18:02Z",
            "default_security_group_id": "enpk2sg4urp86pd1mqlk",
            "description": "",
            "folder_id": "b1g5ofg36cpjm42tl9nr",
            "id": "enp7l77fea00gn3vv43q",
            "labels": {},
            "name": "production",
            "subnet_ids": [],
            "timeouts": null
          },
          "sensitive_attributes": [],
          "private": "eyJlMmJmYjczMC1lY2FhLTExZTYtOGY4OC0zNDM2M2JjN2M0YzAiOnsiY3JlYXRlIjo2MDAwMDAwMDAwMCwiZGVsZXRlIjo2MDAwMDAwMDAwMCwidXBkYXRlIjo2MDAwMDAwMDAwMH19"
        }
      ]
    },
    {
      "mode": "managed",
      "type": "yandex_vpc_route_table",
      "name": "nat_route",
      "provider": "provider[\"registry.opentofu.org/yandex-cloud/yandex\"]",
      "instances": [
        {
          "schema_version": 0,
          "attributes": {
            "created_at": "2024-06-17T09:18:04Z",
            "description": "",
            "folder_id": "b1g5ofg36cpjm42tl9nr",
            "id": "enpm955k5ntb8s0vgdvk",
            "labels": {},
            "name": "nat_route",
            "network_id": "enp7l77fea00gn3vv43q",
            "static_route": [
              {
                "destination_prefix": "0.0.0.0/0",
                "gateway_id": "",
                "next_hop_address": "192.168.10.254"
              }
            ],
            "timeouts": null
          },
          "sensitive_attributes": [],
          "private": "eyJlMmJmYjczMC1lY2FhLTExZTYtOGY4OC0zNDM2M2JjN2M0YzAiOnsiY3JlYXRlIjoxODAwMDAwMDAwMDAsImRlbGV0ZSI6MTgwMDAwMDAwMDAwLCJ1cGRhdGUiOjE4MDAwMDAwMDAwMH19",
          "dependencies": [
            "yandex_vpc_network.vpc"
          ]
        }
      ]
    },
    {
      "mode": "managed",
      "type": "yandex_vpc_subnet",
      "name": "subnets",
      "provider": "provider[\"registry.opentofu.org/yandex-cloud/yandex\"]",
      "instances": [
        {
          "index_key": "private",
          "schema_version": 0,
          "attributes": {
            "created_at": "2024-06-17T09:18:05Z",
            "description": "",
            "dhcp_options": [],
            "folder_id": "b1g5ofg36cpjm42tl9nr",
            "id": "e9b1ql1kjq4pak74kkpn",
            "labels": {},
            "name": "private",
            "network_id": "enp7l77fea00gn3vv43q",
            "route_table_id": "enpm955k5ntb8s0vgdvk",
            "timeouts": null,
            "v4_cidr_blocks": [
              "192.168.20.0/24"
            ],
            "v6_cidr_blocks": [],
            "zone": "ru-central1-a"
          },
          "sensitive_attributes": [],
          "private": "eyJlMmJmYjczMC1lY2FhLTExZTYtOGY4OC0zNDM2M2JjN2M0YzAiOnsiY3JlYXRlIjoxODAwMDAwMDAwMDAsImRlbGV0ZSI6MTgwMDAwMDAwMDAwLCJ1cGRhdGUiOjE4MDAwMDAwMDAwMH19",
          "dependencies": [
            "yandex_vpc_network.vpc",
            "yandex_vpc_route_table.nat_route"
          ]
        },
        {
          "index_key": "public",
          "schema_version": 0,
          "attributes": {
            "created_at": "2024-06-17T09:18:05Z",
            "description": "",
            "dhcp_options": [],
            "folder_id": "b1g5ofg36cpjm42tl9nr",
            "id": "e9bnapueinfl36icj7b7",
            "labels": {},
            "name": "public",
            "network_id": "enp7l77fea00gn3vv43q",
            "route_table_id": "",
            "timeouts": null,
            "v4_cidr_blocks": [
              "192.168.10.0/24"
            ],
            "v6_cidr_blocks": [],
            "zone": "ru-central1-a"
          },
          "sensitive_attributes": [],
          "private": "eyJlMmJmYjczMC1lY2FhLTExZTYtOGY4OC0zNDM2M2JjN2M0YzAiOnsiY3JlYXRlIjoxODAwMDAwMDAwMDAsImRlbGV0ZSI6MTgwMDAwMDAwMDAwLCJ1cGRhdGUiOjE4MDAwMDAwMDAwMH19",
          "dependencies": [
            "yandex_vpc_network.vpc",
            "yandex_vpc_route_table.nat_route"
          ]
        }
      ]
    }
  ],
  "check_results": null
}
