{
  "version": 4,
  "terraform_version": "1.7.2",
  "serial": 2,
  "lineage": "f58af9a2-5ca3-ece3-dcc1-9f2985e79650",
  "outputs": {},
  "resources": [
    {
      "mode": "managed",
      "type": "yandex_kms_symmetric_key",
      "name": "netology-key",
      "provider": "provider[\"registry.opentofu.org/yandex-cloud/yandex\"]",
      "instances": [
        {
          "schema_version": 1,
          "attributes": {
            "created_at": "2024-06-17T11:33:30Z",
            "default_algorithm": "AES_256",
            "deletion_protection": false,
            "description": "Key for encrypting bucket objects",
            "folder_id": "b1g5ofg36cpjm42tl9nr",
            "id": "abjvtb1cc3v02s8vtfnh",
            "labels": null,
            "name": "netology-encryption-key",
            "rotated_at": "",
            "rotation_period": "8760h0m0s",
            "status": "active",
            "timeouts": null
          },
          "sensitive_attributes": [],
          "private": "eyJlMmJmYjczMC1lY2FhLTExZTYtOGY4OC0zNDM2M2JjN2M0YzAiOnsiY3JlYXRlIjo2MDAwMDAwMDAwMCwiZGVsZXRlIjo2MDAwMDAwMDAwMCwicmVhZCI6NjAwMDAwMDAwMDAsInVwZGF0ZSI6NjAwMDAwMDAwMDB9LCJzY2hlbWFfdmVyc2lvbiI6IjEifQ=="
        }
      ]
    }
  ],
  "check_results": null
}
