{
  "version": 4,
  "terraform_version": "1.5.7",
  "serial": 5,
  "lineage": "6ceaccb6-3467-4a8d-f606-d7a16c818eb2",
  "outputs": {
    "external_ip_address_node01_yandex_cloud": {
      "value": "158.160.123.47",
      "type": "string"
    },
    "internal_ip_address_node01_yandex_cloud": {
      "value": "10.10.1.4",
      "type": "string"
    }
  },
  "resources": [
    {
      "mode": "managed",
      "type": "yandex_compute_instance",
      "name": "node01",
      "provider": "provider[\"registry.terraform.io/yandex-cloud/yandex\"]",
      "instances": [
        {
          "schema_version": 1,
          "attributes": {
            "allow_recreate": null,
            "allow_stopping_for_update": true,
            "boot_disk": [
              {
                "auto_delete": true,
                "device_name": "fhm9jkhc8cbnibetocio",
                "disk_id": "fhm9jkhc8cbnibetocio",
                "initialize_params": [
                  {
                    "block_size": 4096,
                    "description": "",
                    "image_id": "fd8vmbs0ap6q8bka0vp5",
                    "name": "root-node01",
                    "size": 20,
                    "snapshot_id": "",
                    "type": "network-ssd"
                  }
                ],
                "mode": "READ_WRITE"
              }
            ],
            "created_at": "2023-09-23T12:26:09Z",
            "description": "",
            "filesystem": [],
            "folder_id": "b1g5ofg36cpjm42tl9nr",
            "fqdn": "node01.netology.cloud",
            "gpu_cluster_id": "",
            "hostname": "node01.netology.cloud",
            "id": "fhmlmg5i81a1bbab4rd4",
            "labels": null,
            "local_disk": [],
            "metadata": {
              "ssh-keys": "debian:ssh-rsa AAAAB3NzaC1yc2EAAAADAQABAAABgQClAW/sSS6jUwV/L14x6soAQ+C6m5tYpvsSK6h9CK6k5ZMCEG1/J87vwECGIUlgc/6TpofpAa2ef15fFavZKByalXfbJ5SR6Re45HGb3jLtmZIlVFmoR7cqYBmTF2y48Rmeb+nKSsTzB5jyKKMOwh0iwd/mlUeHU72B6AXMNbhC62VonsxU0eGoV/NDQXflnPDSZwiy5SAQN20fp9L/sgKsEoHNJHOBQ2pG7P2z1k3WDfeNShHveQDpF1Ww71WK71AyOvhd+g0n/B/bPZHv9gX/V43M+5J2HYkzXxo45GAYJznCRBEyIOpPrT1UrVV7gngDTIu2s6tKutMqWyA0z/4Nk5noXGcuOSRLrjiCsL6j9IIxNDpPFl/Nc8L6IwVCJC6VrMa2aK0MWDP8JhqtrDuMfM3klnLwLi+essVh7ByfgFXtbiXnQdsRr9Pl/RZjHq9SO+U3Rd5t4olSmUqlQrZ+Gr3HGnd7JhwzB7iGBwg9eAKAo0ftx2fyn8dbGZoJv/U= l1is@fedora\n"
            },
            "metadata_options": [
              {
                "aws_v1_http_endpoint": 1,
                "aws_v1_http_token": 2,
                "gce_http_endpoint": 1,
                "gce_http_token": 1
              }
            ],
            "name": "node01",
            "network_acceleration_type": "standard",
            "network_interface": [
              {
                "dns_record": [],
                "index": 0,
                "ip_address": "10.10.1.4",
                "ipv4": true,
                "ipv6": false,
                "ipv6_address": "",
                "ipv6_dns_record": [],
                "mac_address": "d0:0d:15:b4:0b:24",
                "nat": true,
                "nat_dns_record": [],
                "nat_ip_address": "158.160.123.47",
                "nat_ip_version": "IPV4",
                "security_group_ids": [],
                "subnet_id": "e9bsnn14l430roir70g2"
              }
            ],
            "placement_policy": [
              {
                "host_affinity_rules": [],
                "placement_group_id": ""
              }
            ],
            "platform_id": "standard-v1",
            "resources": [
              {
                "core_fraction": 100,
                "cores": 2,
                "gpus": 0,
                "memory": 4
              }
            ],
            "scheduling_policy": [
              {
                "preemptible": false
              }
            ],
            "secondary_disk": [],
            "service_account_id": "",
            "status": "running",
            "timeouts": null,
            "zone": "ru-central1-a"
          },
          "sensitive_attributes": [],
          "private": "eyJlMmJmYjczMC1lY2FhLTExZTYtOGY4OC0zNDM2M2JjN2M0YzAiOnsiY3JlYXRlIjozMDAwMDAwMDAwMDAsImRlbGV0ZSI6MzAwMDAwMDAwMDAwLCJ1cGRhdGUiOjMwMDAwMDAwMDAwMH0sInNjaGVtYV92ZXJzaW9uIjoiMSJ9"
        }
      ]
    }
  ],
  "check_results": null
}
